// !$*UTF8*$!
{
	archiveVersion = 1;
	classes = {
	};
	objectVersion = 56;
	objects = {

/* Begin PBXBuildFile section */
		5CA7416B29B4B7A6001AF95A /* NetworkManager.swift in Sources */ = {isa = PBXBuildFile; fileRef = 5CA7416A29B4B7A6001AF95A /* NetworkManager.swift */; };
		5CA7416D29B4B91A001AF95A /* PostData.swift in Sources */ = {isa = PBXBuildFile; fileRef = 5CA7416C29B4B91A001AF95A /* PostData.swift */; };
		5CA7417029B53D7D001AF95A /* Detailview.swift in Sources */ = {isa = PBXBuildFile; fileRef = 5CA7416F29B53D7D001AF95A /* Detailview.swift */; };
		5CA7417229B54240001AF95A /* WebView.swift in Sources */ = {isa = PBXBuildFile; fileRef = 5CA7417129B54240001AF95A /* WebView.swift */; };
		5CE1C3C629B272220024B058 /* H4X0R_News_SwiftUIApp.swift in Sources */ = {isa = PBXBuildFile; fileRef = 5CE1C3C529B272220024B058 /* H4X0R_News_SwiftUIApp.swift */; };
		5CE1C3C829B272220024B058 /* ContentView.swift in Sources */ = {isa = PBXBuildFile; fileRef = 5CE1C3C729B272220024B058 /* ContentView.swift */; };
		5CE1C3CA29B272240024B058 /* Assets.xcassets in Resources */ = {isa = PBXBuildFile; fileRef = 5CE1C3C929B272240024B058 /* Assets.xcassets */; };
		5CE1C3CD29B272240024B058 /* Preview Assets.xcassets in Resources */ = {isa = PBXBuildFile; fileRef = 5CE1C3CC29B272240024B058 /* Preview Assets.xcassets */; };
/* End PBXBuildFile section */

/* Begin PBXFileReference section */
		5CA7416A29B4B7A6001AF95A /* NetworkManager.swift */ = {isa = PBXFileReference; lastKnownFileType = sourcecode.swift; path = NetworkManager.swift; sourceTree = "<group>"; };
		5CA7416C29B4B91A001AF95A /* PostData.swift */ = {isa = PBXFileReference; lastKnownFileType = sourcecode.swift; path = PostData.swift; sourceTree = "<group>"; };
		5CA7416F29B53D7D001AF95A /* Detailview.swift */ = {isa = PBXFileReference; lastKnownFileType = sourcecode.swift; path = Detailview.swift; sourceTree = "<group>"; };
		5CA7417129B54240001AF95A /* WebView.swift */ = {isa = PBXFileReference; lastKnownFileType = sourcecode.swift; path = WebView.swift; sourceTree = "<group>"; };
		5CE1C3C229B272220024B058 /* H4X0R News SwiftUI.app */ = {isa = PBXFileReference; explicitFileType = wrapper.application; includeInIndex = 0; path = "H4X0R News SwiftUI.app"; sourceTree = BUILT_PRODUCTS_DIR; };
		5CE1C3C529B272220024B058 /* H4X0R_News_SwiftUIApp.swift */ = {isa = PBXFileReference; lastKnownFileType = sourcecode.swift; path = H4X0R_News_SwiftUIApp.swift; sourceTree = "<group>"; };
		5CE1C3C729B272220024B058 /* ContentView.swift */ = {isa = PBXFileReference; lastKnownFileType = sourcecode.swift; path = ContentView.swift; sourceTree = "<group>"; };
		5CE1C3C929B272240024B058 /* Assets.xcassets */ = {isa = PBXFileReference; lastKnownFileType = folder.assetcatalog; path = Assets.xcassets; sourceTree = "<group>"; };
		5CE1C3CC29B272240024B058 /* Preview Assets.xcassets */ = {isa = PBXFileReference; lastKnownFileType = folder.assetcatalog; path = "Preview Assets.xcassets"; sourceTree = "<group>"; };
/* End PBXFileReference section */

/* Begin PBXFrameworksBuildPhase section */
		5CE1C3BF29B272220024B058 /* Frameworks */ = {
			isa = PBXFrameworksBuildPhase;
			buildActionMask = 2147483647;
			files = (
			);
			runOnlyForDeploymentPostprocessing = 0;
		};
/* End PBXFrameworksBuildPhase section */

/* Begin PBXGroup section */
		5CA7416929B4B763001AF95A /* Models */ = {
			isa = PBXGroup;
			children = (
				5CA7416A29B4B7A6001AF95A /* NetworkManager.swift */,
				5CA7416C29B4B91A001AF95A /* PostData.swift */,
			);
			path = Models;
			sourceTree = "<group>";
		};
		5CA7416E29B53D68001AF95A /* Views */ = {
			isa = PBXGroup;
			children = (
				5CE1C3C729B272220024B058 /* ContentView.swift */,
				5CA7416F29B53D7D001AF95A /* Detailview.swift */,
				5CA7417129B54240001AF95A /* WebView.swift */,
			);
			path = Views;
			sourceTree = "<group>";
		};
		5CE1C3B929B272220024B058 = {
			isa = PBXGroup;
			children = (
				5CE1C3C429B272220024B058 /* H4X0R News SwiftUI */,
				5CE1C3C329B272220024B058 /* Products */,
			);
			sourceTree = "<group>";
		};
		5CE1C3C329B272220024B058 /* Products */ = {
			isa = PBXGroup;
			children = (
				5CE1C3C229B272220024B058 /* H4X0R News SwiftUI.app */,
			);
			name = Products;
			sourceTree = "<group>";
		};
		5CE1C3C429B272220024B058 /* H4X0R News SwiftUI */ = {
			isa = PBXGroup;
			children = (
				5CE1C3C529B272220024B058 /* H4X0R_News_SwiftUIApp.swift */,
				5CA7416E29B53D68001AF95A /* Views */,
				5CA7416929B4B763001AF95A /* Models */,
				5CE1C3C929B272240024B058 /* Assets.xcassets */,
				5CE1C3CB29B272240024B058 /* Preview Content */,
			);
			path = "H4X0R News SwiftUI";
			sourceTree = "<group>";
		};
		5CE1C3CB29B272240024B058 /* Preview Content */ = {
			isa = PBXGroup;
			children = (
				5CE1C3CC29B272240024B058 /* Preview Assets.xcassets */,
			);
			path = "Preview Content";
			sourceTree = "<group>";
		};
/* End PBXGroup section */

/* Begin PBXNativeTarget section */
		5CE1C3C129B272220024B058 /* H4X0R News SwiftUI */ = {
			isa = PBXNativeTarget;
			buildConfigurationList = 5CE1C3D029B272240024B058 /* Build configuration list for PBXNativeTarget "H4X0R News SwiftUI" */;
			buildPhases = (
				5CE1C3BE29B272220024B058 /* Sources */,
				5CE1C3BF29B272220024B058 /* Frameworks */,
				5CE1C3C029B272220024B058 /* Resources */,
			);
			buildRules = (
			);
			dependencies = (
			);
			name = "H4X0R News SwiftUI";
			productName = "H4X0R News SwiftUI";
			productReference = 5CE1C3C229B272220024B058 /* H4X0R News SwiftUI.app */;
			productType = "com.apple.product-type.application";
		};
/* End PBXNativeTarget section */

/* Begin PBXProject section */
		5CE1C3BA29B272220024B058 /* Project object */ = {
			isa = PBXProject;
			attributes = {
				BuildIndependentTargetsInParallel = 1;
				LastSwiftUpdateCheck = 1420;
				LastUpgradeCheck = 1420;
				TargetAttributes = {
					5CE1C3C129B272220024B058 = {
						CreatedOnToolsVersion = 14.2;
					};
				};
			};
			buildConfigurationList = 5CE1C3BD29B272220024B058 /* Build configuration list for PBXProject "H4X0R News SwiftUI" */;
			compatibilityVersion = "Xcode 14.0";
			developmentRegion = en;
			hasScannedForEncodings = 0;
			knownRegions = (
				en,
				Base,
			);
			mainGroup = 5CE1C3B929B272220024B058;
			productRefGroup = 5CE1C3C329B272220024B058 /* Products */;
			projectDirPath = "";
			projectRoot = "";
			targets = (
				5CE1C3C129B272220024B058 /* H4X0R News SwiftUI */,
			);
		};
/* End PBXProject section */

/* Begin PBXResourcesBuildPhase section */
		5CE1C3C029B272220024B058 /* Resources */ = {
			isa = PBXResourcesBuildPhase;
			buildActionMask = 2147483647;
			files = (
				5CE1C3CD29B272240024B058 /* Preview Assets.xcassets in Resources */,
				5CE1C3CA29B272240024B058 /* Assets.xcassets in Resources */,
			);
			runOnlyForDeploymentPostprocessing = 0;
		};
/* End PBXResourcesBuildPhase section */

/* Begin PBXSourcesBuildPhase section */
		5CE1C3BE29B272220024B058 /* Sources */ = {
			isa = PBXSourcesBuildPhase;
			buildActionMask = 2147483647;
			files = (
				5CA7416B29B4B7A6001AF95A /* NetworkManager.swift in Sources */,
				5CA7416D29B4B91A001AF95A /* PostData.swift in Sources */,
				5CA7417029B53D7D001AF95A /* Detailview.swift in Sources */,
				5CA7417229B54240001AF95A /* WebView.swift in Sources */,
				5CE1C3C829B272220024B058 /* ContentView.swift in Sources */,
				5CE1C3C629B272220024B058 /* H4X0R_News_SwiftUIApp.swift in Sources */,
			);
			runOnlyForDeploymentPostprocessing = 0;
		};
/* End PBXSourcesBuildPhase section */

/* Begin XCBuildConfiguration section */
		5CE1C3CE29B272240024B058 /* Debug */ = {
			isa = XCBuildConfiguration;
			buildSettings = {
				ALWAYS_SEARCH_USER_PATHS = NO;
				CLANG_ANALYZER_NONNULL = YES;
				CLANG_ANALYZER_NUMBER_OBJECT_CONVERSION = YES_AGGRESSIVE;
				CLANG_CXX_LANGUAGE_STANDARD = "gnu++20";
				CLANG_ENABLE_MODULES = YES;
				CLANG_ENABLE_OBJC_ARC = YES;
				CLANG_ENABLE_OBJC_WEAK = YES;
				CLANG_WARN_BLOCK_CAPTURE_AUTORELEASING = YES;
				CLANG_WARN_BOOL_CONVERSION = YES;
				CLANG_WARN_COMMA = YES;
				CLANG_WARN_CONSTANT_CONVERSION = YES;
				CLANG_WARN_DEPRECATED_OBJC_IMPLEMENTATIONS = YES;
				CLANG_WARN_DIRECT_OBJC_ISA_USAGE = YES_ERROR;
				CLANG_WARN_DOCUMENTATION_COMMENTS = YES;
				CLANG_WARN_EMPTY_BODY = YES;
				CLANG_WARN_ENUM_CONVERSION = YES;
				CLANG_WARN_INFINITE_RECURSION = YES;
				CLANG_WARN_INT_CONVERSION = YES;
				CLANG_WARN_NON_LITERAL_NULL_CONVERSION = YES;
				CLANG_WARN_OBJC_IMPLICIT_RETAIN_SELF = YES;
				CLANG_WARN_OBJC_LITERAL_CONVERSION = YES;
				CLANG_WARN_OBJC_ROOT_CLASS = YES_ERROR;
				CLANG_WARN_QUOTED_INCLUDE_IN_FRAMEWORK_HEADER = YES;
				CLANG_WARN_RANGE_LOOP_ANALYSIS = YES;
				CLANG_WARN_STRICT_PROTOTYPES = YES;
				CLANG_WARN_SUSPICIOUS_MOVE = YES;
				CLANG_WARN_UNGUARDED_AVAILABILITY = YES_AGGRESSIVE;
				CLANG_WARN_UNREACHABLE_CODE = YES;
				CLANG_WARN__DUPLICATE_METHOD_MATCH = YES;
				COPY_PHASE_STRIP = NO;
				DEBUG_INFORMATION_FORMAT = dwarf;
				ENABLE_STRICT_OBJC_MSGSEND = YES;
				ENABLE_TESTABILITY = YES;
				GCC_C_LANGUAGE_STANDARD = gnu11;
				GCC_DYNAMIC_NO_PIC = NO;
				GCC_NO_COMMON_BLOCKS = YES;
				GCC_OPTIMIZATION_LEVEL = 0;
				GCC_PREPROCESSOR_DEFINITIONS = (
					"DEBUG=1",
					"$(inherited)",
				);
				GCC_WARN_64_TO_32_BIT_CONVERSION = YES;
				GCC_WARN_ABOUT_RETURN_TYPE = YES_ERROR;
				GCC_WARN_UNDECLARED_SELECTOR = YES;
				GCC_WARN_UNINITIALIZED_AUTOS = YES_AGGRESSIVE;
				GCC_WARN_UNUSED_FUNCTION = YES;
				GCC_WARN_UNUSED_VARIABLE = YES;
				IPHONEOS_DEPLOYMENT_TARGET = 16.2;
				MTL_ENABLE_DEBUG_INFO = INCLUDE_SOURCE;
				MTL_FAST_MATH = YES;
				ONLY_ACTIVE_ARCH = YES;
				SDKROOT = iphoneos;
				SWIFT_ACTIVE_COMPILATION_CONDITIONS = DEBUG;
				SWIFT_OPTIMIZATION_LEVEL = "-Onone";
			};
			name = Debug;
		};
		5CE1C3CF29B272240024B058 /* Release */ = {
			isa = XCBuildConfiguration;
			buildSettings = {
				ALWAYS_SEARCH_USER_PATHS = NO;
				CLANG_ANALYZER_NONNULL = YES;
				CLANG_ANALYZER_NUMBER_OBJECT_CONVERSION = YES_AGGRESSIVE;
				CLANG_CXX_LANGUAGE_STANDARD = "gnu++20";
				CLANG_ENABLE_MODULES = YES;
				CLANG_ENABLE_OBJC_ARC = YES;
				CLANG_ENABLE_OBJC_WEAK = YES;
				CLANG_WARN_BLOCK_CAPTURE_AUTORELEASING = YES;
				CLANG_WARN_BOOL_CONVERSION = YES;
				CLANG_WARN_COMMA = YES;
				CLANG_WARN_CONSTANT_CONVERSION = YES;
				CLANG_WARN_DEPRECATED_OBJC_IMPLEMENTATIONS = YES;
				CLANG_WARN_DIRECT_OBJC_ISA_USAGE = YES_ERROR;
				CLANG_WARN_DOCUMENTATION_COMMENTS = YES;
				CLANG_WARN_EMPTY_BODY = YES;
				CLANG_WARN_ENUM_CONVERSION = YES;
				CLANG_WARN_INFINITE_RECURSION = YES;
				CLANG_WARN_INT_CONVERSION = YES;
				CLANG_WARN_NON_LITERAL_NULL_CONVERSION = YES;
				CLANG_WARN_OBJC_IMPLICIT_RETAIN_SELF = YES;
				CLANG_WARN_OBJC_LITERAL_CONVERSION = YES;
				CLANG_WARN_OBJC_ROOT_CLASS = YES_ERROR;
				CLANG_WARN_QUOTED_INCLUDE_IN_FRAMEWORK_HEADER = YES;
				CLANG_WARN_RANGE_LOOP_ANALYSIS = YES;
				CLANG_WARN_STRICT_PROTOTYPES = YES;
				CLANG_WARN_SUSPICIOUS_MOVE = YES;
				CLANG_WARN_UNGUARDED_AVAILABILITY = YES_AGGRESSIVE;
				CLANG_WARN_UNREACHABLE_CODE = YES;
				CLANG_WARN__DUPLICATE_METHOD_MATCH = YES;
				COPY_PHASE_STRIP = NO;
				DEBUG_INFORMATION_FORMAT = "dwarf-with-dsym";
				ENABLE_NS_ASSERTIONS = NO;
				ENABLE_STRICT_OBJC_MSGSEND = YES;
				GCC_C_LANGUAGE_STANDARD = gnu11;
				GCC_NO_COMMON_BLOCKS = YES;
				GCC_WARN_64_TO_32_BIT_CONVERSION = YES;
				GCC_WARN_ABOUT_RETURN_TYPE = YES_ERROR;
				GCC_WARN_UNDECLARED_SELECTOR = YES;
				GCC_WARN_UNINITIALIZED_AUTOS = YES_AGGRESSIVE;
				GCC_WARN_UNUSED_FUNCTION = YES;
				GCC_WARN_UNUSED_VARIABLE = YES;
				IPHONEOS_DEPLOYMENT_TARGET = 16.2;
				MTL_ENABLE_DEBUG_INFO = NO;
				MTL_FAST_MATH = YES;
				SDKROOT = iphoneos;
				SWIFT_COMPILATION_MODE = wholemodule;
				SWIFT_OPTIMIZATION_LEVEL = "-O";
				VALIDATE_PRODUCT = YES;
			};
			name = Release;
		};
		5CE1C3D129B272240024B058 /* Debug */ = {
			isa = XCBuildConfiguration;
			buildSettings = {
				ASSETCATALOG_COMPILER_APPICON_NAME = AppIcon;
				ASSETCATALOG_COMPILER_GLOBAL_ACCENT_COLOR_NAME = AccentColor;
				CODE_SIGN_STYLE = Automatic;
				CURRENT_PROJECT_VERSION = 1;
				DEVELOPMENT_ASSET_PATHS = "\"H4X0R News SwiftUI/Preview Content\"";
				DEVELOPMENT_TEAM = Z6987ZHW96;
				ENABLE_PREVIEWS = YES;
				GENERATE_INFOPLIST_FILE = YES;
				INFOPLIST_KEY_UIApplicationSceneManifest_Generation = YES;
				INFOPLIST_KEY_UIApplicationSupportsIndirectInputEvents = YES;
				INFOPLIST_KEY_UILaunchScreen_Generation = YES;
				INFOPLIST_KEY_UISupportedInterfaceOrientations_iPad = "UIInterfaceOrientationPortrait UIInterfaceOrientationPortraitUpsideDown UIInterfaceOrientationLandscapeLeft UIInterfaceOrientationLandscapeRight";
				INFOPLIST_KEY_UISupportedInterfaceOrientations_iPhone = "UIInterfaceOrientationPortrait UIInterfaceOrientationLandscapeLeft UIInterfaceOrientationLandscapeRight";
				LD_RUNPATH_SEARCH_PATHS = (
					"$(inherited)",
					"@executable_path/Frameworks",
				);
				MARKETING_VERSION = 1.0;
				PRODUCT_BUNDLE_IDENTIFIER = "com.djordje.H4X0R-News-SwiftUI";
				PRODUCT_NAME = "$(TARGET_NAME)";
				SWIFT_EMIT_LOC_STRINGS = YES;
				SWIFT_VERSION = 5.0;
				TARGETED_DEVICE_FAMILY = "1,2";
			};
			name = Debug;
		};
		5CE1C3D229B272240024B058 /* Release */ = {
			isa = XCBuildConfiguration;
			buildSettings = {
				ASSETCATALOG_COMPILER_APPICON_NAME = AppIcon;
				ASSETCATALOG_COMPILER_GLOBAL_ACCENT_COLOR_NAME = AccentColor;
				CODE_SIGN_STYLE = Automatic;
				CURRENT_PROJECT_VERSION = 1;
				DEVELOPMENT_ASSET_PATHS = "\"H4X0R News SwiftUI/Preview Content\"";
				DEVELOPMENT_TEAM = Z6987ZHW96;
				ENABLE_PREVIEWS = YES;
				GENERATE_INFOPLIST_FILE = YES;
				INFOPLIST_KEY_UIApplicationSceneManifest_Generation = YES;
				INFOPLIST_KEY_UIApplicationSupportsIndirectInputEvents = YES;
				INFOPLIST_KEY_UILaunchScreen_Generation = YES;
				INFOPLIST_KEY_UISupportedInterfaceOrientations_iPad = "UIInterfaceOrientationPortrait UIInterfaceOrientationPortraitUpsideDown UIInterfaceOrientationLandscapeLeft UIInterfaceOrientationLandscapeRight";
				INFOPLIST_KEY_UISupportedInterfaceOrientations_iPhone = "UIInterfaceOrientationPortrait UIInterfaceOrientationLandscapeLeft UIInterfaceOrientationLandscapeRight";
				LD_RUNPATH_SEARCH_PATHS = (
					"$(inherited)",
					"@executable_path/Frameworks",
				);
				MARKETING_VERSION = 1.0;
				PRODUCT_BUNDLE_IDENTIFIER = "com.djordje.H4X0R-News-SwiftUI";
				PRODUCT_NAME = "$(TARGET_NAME)";
				SWIFT_EMIT_LOC_STRINGS = YES;
				SWIFT_VERSION = 5.0;
				TARGETED_DEVICE_FAMILY = "1,2";
			};
			name = Release;
		};
/* End XCBuildConfiguration section */

/* Begin XCConfigurationList section */
		5CE1C3BD29B272220024B058 /* Build configuration list for PBXProject "H4X0R News SwiftUI" */ = {
			isa = XCConfigurationList;
			buildConfigurations = (
				5CE1C3CE29B272240024B058 /* Debug */,
				5CE1C3CF29B272240024B058 /* Release */,
			);
			defaultConfigurationIsVisible = 0;
			defaultConfigurationName = Release;
		};
		5CE1C3D029B272240024B058 /* Build configuration list for PBXNativeTarget "H4X0R News SwiftUI" */ = {
			isa = XCConfigurationList;
			buildConfigurations = (
				5CE1C3D129B272240024B058 /* Debug */,
				5CE1C3D229B272240024B058 /* Release */,
			);
			defaultConfigurationIsVisible = 0;
			defaultConfigurationName = Release;
		};
/* End XCConfigurationList section */
	};
	rootObject = 5CE1C3BA29B272220024B058 /* Project object */;
}
